
Microsoft Visual Studio Solution File, Format Version 12.00
# Visual Studio Version 17
VisualStudioVersion = 17.6.33801.468
MinimumVisualStudioVersion = 10.0.40219.1
Project("{8BC9CEB8-8B4A-11D0-8D11-00A0C91BC942}") = "Facebook_BG", "Facebook_BG\Facebook_BG.vcxproj", "{819140AD-DA5A-43FF-A2B2-B5BB9D3E54A4}"
EndProject
Global
	GlobalSection(SolutionConfigurationPlatforms) = preSolution
		Debug|x64 = Debug|x64
		Debug|x86 = Debug|x86
		Release|x64 = Release|x64
		Release|x86 = Release|x86
	EndGlobalSection
	GlobalSection(ProjectConfigurationPlatforms) = postSolution
		{819140AD-DA5A-43FF-A2B2-B5BB9D3E54A4}.Debug|x64.ActiveCfg = Debug|x64
		{819140AD-DA5A-43FF-A2B2-B5BB9D3E54A4}.Debug|x64.Build.0 = Debug|x64
		{819140AD-DA5A-43FF-A2B2-B5BB9D3E54A4}.Debug|x86.ActiveCfg = Debug|Win32
		{819140AD-DA5A-43FF-A2B2-B5BB9D3E54A4}.Debug|x86.Build.0 = Debug|Win32
		{819140AD-DA5A-43FF-A2B2-B5BB9D3E54A4}.Release|x64.ActiveCfg = Release|x64
		{819140AD-DA5A-43FF-A2B2-B5BB9D3E54A4}.Release|x64.Build.0 = Release|x64
		{819140AD-DA5A-43FF-A2B2-B5BB9D3E54A4}.Release|x86.ActiveCfg = Release|Win32
		{819140AD-DA5A-43FF-A2B2-B5BB9D3E54A4}.Release|x86.Build.0 = Release|Win32
	EndGlobalSection
	GlobalSection(SolutionProperties) = preSolution
		HideSolutionNode = FALSE
	EndGlobalSection
	GlobalSection(ExtensibilityGlobals) = postSolution
		SolutionGuid = {6CDCF1A1-81FE-420E-8110-E37344FF90CD}
	EndGlobalSection
EndGlobal
